
Microsoft Visual Studio Solution File, Format Version 12.00
# Visual Studio Version 16
VisualStudioVersion = 16.0.31702.278
MinimumVisualStudioVersion = 10.0.40219.1
Project("{FAE04EC0-301F-11D3-BF4B-00C04F79EFBC}") = "TicTacToe", "TicTacToe\TicTacToe.csproj", "{71A875C0-C8A2-4AA1-88A9-C8C209F5C708}"
EndProject
Global
	GlobalSection(SolutionConfigurationPlatforms) = preSolution
		Debug|Any CPU = Debug|Any CPU
		Release|Any CPU = Release|Any CPU
	EndGlobalSection
	GlobalSection(ProjectConfigurationPlatforms) = postSolution
		{71A875C0-C8A2-4AA1-88A9-C8C209F5C708}.Debug|Any CPU.ActiveCfg = Debug|Any CPU
		{71A875C0-C8A2-4AA1-88A9-C8C209F5C708}.Debug|Any CPU.Build.0 = Debug|Any CPU
		{71A875C0-C8A2-4AA1-88A9-C8C209F5C708}.Release|Any CPU.ActiveCfg = Release|Any CPU
		{71A875C0-C8A2-4AA1-88A9-C8C209F5C708}.Release|Any CPU.Build.0 = Release|Any CPU
	EndGlobalSection
	GlobalSection(SolutionProperties) = preSolution
		HideSolutionNode = FALSE
	EndGlobalSection
	GlobalSection(ExtensibilityGlobals) = postSolution
		SolutionGuid = {CD49B8D4-BE87-4B22-A8A2-677568819E0C}
	EndGlobalSection
EndGlobal
